hash: 7a6f65c41558d38e14bab4f7664dde29f7d0860077f2a053d68b77cac922b272
updated: 2017-02-04T16:31:55.31793794-08:00
imports:
- name: github.com/beorn7/perks
  version: 4c0e84591b9aa9e6dcfdf3e020114cd81f89d5f9
  subpackages:
  - quantile
- name: github.com/bmizerany/pat
  version: c068ca2f0aacee5ac3681d68e4d0a003b7d1fd2c
- name: github.com/felixge/pidctrl
  version: 7b13bcae7243fe17bbeb7dd5cd8b26675c8db048
- name: github.com/golang/protobuf
  version: 8ee79997227bf9b34611aee7946ae64735e6fd93
  subpackages:
  - proto
- name: github.com/gorilla/context
  version: 08b5f424b9271eedf6f9f0ce86cb9396ed337a42
- name: github.com/gorilla/mux
  version: 392c28fe23e1c45ddba891b0320b3b5df220beea
- name: github.com/hybridgroup/gobot
  version: 5442e0bd8b0c909b552677b2790b4eddbb7e7e48
  subpackages:
  - api
  - api/robeaux
  - platforms/raspi
  - sysfs
- name: github.com/matttproud/golang_protobuf_extensions
  version: c12348ce28de40eed0136aa2b644d0ee0650e56c
  subpackages:
  - pbutil
- name: github.com/pkg/errors
  version: 645ef00459ed84a119197bfb8d8205042c6df63d
- name: github.com/prometheus/client_golang
  version: c5b7fccd204277076155f10851dad72b76a49317
  subpackages:
  - prometheus
- name: github.com/prometheus/client_model
  version: fa8ad6fec33561be4280a8f0514318c79d7f6cb6
  subpackages:
  - go
- name: github.com/prometheus/common
  version: dd2f054febf4a6c00f2343686efb775948a8bff4
  subpackages:
  - expfmt
  - internal/bitbucket.org/ww/goautoneg
  - model
- name: github.com/prometheus/procfs
  version: 1878d9fbb537119d24b21ca07effd591627cd160
testImports: []
